<?xml version="1.0" encoding="utf-8"?>
<Project ToolsVersion="4.0" xmlns="http://schemas.microsoft.com/developer/msbuild/2003">
  <ItemGroup>
    <Filter Include="源文件">
      <UniqueIdentifier>{4FC737F1-C7A5-4376-A066-2A32D752A2FF}</UniqueIdentifier>
      <Extensions>cpp;c;cc;cxx;c++;cppm;ixx;def;odl;idl;hpj;bat;asm;asmx</Extensions>
    </Filter>
    <Filter Include="头文件">
      <UniqueIdentifier>{93995380-89BD-4b04-88EB-625FBE52EBFB}</UniqueIdentifier>
      <Extensions>h;hh;hpp;hxx;h++;hm;inl;inc;ipp;xsd</Extensions>
    </Filter>
    <Filter Include="资源文件">
      <UniqueIdentifier>{67DA6AB6-F800-4c08-8B7A-83BB121AAD01}</UniqueIdentifier>
      <Extensions>rc;ico;cur;bmp;dlg;rc2;rct;bin;rgs;gif;jpg;jpeg;jpe;resx;tiff;tif;png;wav;mfcribbon-ms</Extensions>
    </Filter>
    <Filter Include="头文件\Hash">
      <UniqueIdentifier>{e56d2609-5d60-40a8-afa1-673a7656f64e}</UniqueIdentifier>
    </Filter>
    <Filter Include="头文件\common">
      <UniqueIdentifier>{bf3d1816-23c8-44ad-b61c-b6a96bd5b500}</UniqueIdentifier>
    </Filter>
  </ItemGroup>
  <ItemGroup>
    <ClInclude Include="..\..\pubkey\ecc\sm2.h">
      <Filter>头文件</Filter>
    </ClInclude>
    <ClInclude Include="..\..\common\common.h">
      <Filter>头文件\common</Filter>
    </ClInclude>
    <ClInclude Include="..\..\common\endianess.h">
      <Filter>头文件\common</Filter>
    </ClInclude>
    <ClInclude Include="..\..\common\util.h">
      <Filter>头文件\common</Filter>
    </ClInclude>
    <ClInclude Include="..\..\Hash\hash.h">
      <Filter>头文件\Hash</Filter>
    </ClInclude>
    <ClInclude Include="..\..\pubkey\ecc\ecc.h">
      <Filter>头文件</Filter>
    </ClInclude>
    <ClInclude Include="..\..\miracl\miracl.h">
      <Filter>头文件</Filter>
    </ClInclude>
    <ClInclude Include="..\..\miracl\mirdef.h">
      <Filter>头文件</Filter>
    </ClInclude>
  </ItemGroup>
  <ItemGroup>
    <ClCompile Include="..\..\pubkey\ecc\sm2.c">
      <Filter>源文件</Filter>
    </ClCompile>
  </ItemGroup>
</Project>